Microsoft Visual Studio Solution File, Format Version 12.00
# Visual Studio 2012
Project("{FAE04EC0-301F-11D3-BF4B-00C04F79EFBC}") = "vrProject", "vrProject.csproj", "{378577DD-9051-411E-A186-986C457DBDFD}"
EndProject
Global
	GlobalSection(SolutionConfigurationPlatforms) = preSolution
	Debug|Any CPU = Debug|Any CPU
	ExportDebug|Any CPU = ExportDebug|Any CPU
	ExportRelease|Any CPU = ExportRelease|Any CPU
	EndGlobalSection
	GlobalSection(ProjectConfigurationPlatforms) = postSolution
		{378577DD-9051-411E-A186-986C457DBDFD}.Debug|Any CPU.ActiveCfg = Debug|Any CPU
		{378577DD-9051-411E-A186-986C457DBDFD}.Debug|Any CPU.Build.0 = Debug|Any CPU
		{378577DD-9051-411E-A186-986C457DBDFD}.ExportDebug|Any CPU.ActiveCfg = ExportDebug|Any CPU
		{378577DD-9051-411E-A186-986C457DBDFD}.ExportDebug|Any CPU.Build.0 = ExportDebug|Any CPU
		{378577DD-9051-411E-A186-986C457DBDFD}.ExportRelease|Any CPU.ActiveCfg = ExportRelease|Any CPU
		{378577DD-9051-411E-A186-986C457DBDFD}.ExportRelease|Any CPU.Build.0 = ExportRelease|Any CPU
	EndGlobalSection
EndGlobal
